// !$*UTF8*$!
{
	archiveVersion = 1;
	classes = {
	};
	objectVersion = 77;
	objects = {

	/* Begin PBXBuildFile section */
			8496B8D12E7FE000005270F1 /* NeurospLITApp.swift in Sources */ = {isa = PBXBuildFile; fileRef = 8496B8D02E7FE000005270F1 /* NeurospLITApp.swift */; };
		A10000012F00000100000001 /* ContentView.swift in Sources */ = {isa = PBXBuildFile; fileRef = A10000002F00000100000001 /* ContentView.swift */; };
		A10000012F00000100000002 /* ClaudeService.swift in Sources */ = {isa = PBXBuildFile; fileRef = A10000002F00000100000002 /* ClaudeService.swift */; };
		A10000012F00000100000003 /* ClaudeOnboardingView.swift in Sources */ = {isa = PBXBuildFile; fileRef = A10000002F00000100000003 /* ClaudeOnboardingView.swift */; };
		A10000012F00000100000004 /* TemplateUtilities.swift in Sources */ = {isa = PBXBuildFile; fileRef = A10000002F00000100000004 /* TemplateUtilities.swift */; };
		A10000012F00000100000005 /* EngineHarness.swift in Sources */ = {isa = PBXBuildFile; fileRef = A10000002F00000100000005 /* EngineHarness.swift */; };
		A10000012F00000100000006 /* Persistence.swift in Sources */ = {isa = PBXBuildFile; fileRef = A10000002F00000100000006 /* Persistence.swift */; };
		A10000012F00000100000007 /* MockURLProtocol.swift in Sources */ = {isa = PBXBuildFile; fileRef = A10000002F00000100000007 /* MockURLProtocol.swift */; };
		A10000012F00000100000008 /* Dummy.swift in Sources */ = {isa = PBXBuildFile; fileRef = A10000002F00000100000008 /* Dummy.swift */; };
		A10000012F00000100000011 /* Models.swift in Sources */ = {isa = PBXBuildFile; fileRef = A10000002F00000100000011 /* Models.swift */; };
		A10000012F00000100000012 /* Errors.swift in Sources */ = {isa = PBXBuildFile; fileRef = A10000002F00000100000012 /* Errors.swift */; };
		A10000012F00000100000013 /* Engine.swift in Sources */ = {isa = PBXBuildFile; fileRef = A10000002F00000100000013 /* Engine.swift */; };
	// Removed: WhipCore in Frameworks (monolithic build)
		// Monolith: removed test build file entries
		// Removed C0APPINTEST build file (app file no longer compiled into tests)
		// CLEANED: extraneous target build references removed

	/* End PBXBuildFile section */

/* Begin PBXContainerItemProxy section */
		// CLEANED: extraneous target proxies removed
/* End PBXContainerItemProxy section */

/* Begin PBXFileReference section */
		8496B8992E7FCD10005270F1 /* NeurospLIT.app */ = {isa = PBXFileReference; explicitFileType = wrapper.application; includeInIndex = 0; path = NeurospLIT.app; sourceTree = BUILT_PRODUCTS_DIR; };
	8496B8D02E7FE000005270F1 /* NeurospLITApp.swift */ = {isa = PBXFileReference; lastKnownFileType = sourcecode.swift; path = NeurospLITApp.swift; sourceTree = "<group>"; };
	A1B2C3D4E5F6010000000001 /* Secrets.xcconfig */ = {isa = PBXFileReference; lastKnownFileType = text.xcconfig; name = Secrets.xcconfig; path = "Configs/Secrets.xcconfig"; sourceTree = SOURCE_ROOT; };
	A1B2C3D4E5F6010000000002 /* Secrets.example.xcconfig */ = {isa = PBXFileReference; lastKnownFileType = text.xcconfig; name = Secrets.example.xcconfig; path = "Configs/Secrets.example.xcconfig"; sourceTree = SOURCE_ROOT; };
        A10000002F00000100000001 /* ContentView.swift */ = {isa = PBXFileReference; lastKnownFileType = sourcecode.swift; path = ContentView.swift; sourceTree = "<group>"; };
        A10000002F00000100000002 /* ClaudeService.swift */ = {isa = PBXFileReference; lastKnownFileType = sourcecode.swift; path = ClaudeService.swift; sourceTree = "<group>"; };
        A10000002F00000100000003 /* ClaudeOnboardingView.swift */ = {isa = PBXFileReference; lastKnownFileType = sourcecode.swift; path = ClaudeOnboardingView.swift; sourceTree = "<group>"; };
        A10000002F00000100000004 /* TemplateUtilities.swift */ = {isa = PBXFileReference; lastKnownFileType = sourcecode.swift; path = TemplateUtilities.swift; sourceTree = "<group>"; };
        A10000002F00000100000005 /* EngineHarness.swift */ = {isa = PBXFileReference; lastKnownFileType = sourcecode.swift; path = EngineHarness.swift; sourceTree = "<group>"; };
        A10000002F00000100000006 /* Persistence.swift */ = {isa = PBXFileReference; lastKnownFileType = sourcecode.swift; path = Persistence.swift; sourceTree = "<group>"; };
        A10000002F00000100000007 /* MockURLProtocol.swift */ = {isa = PBXFileReference; lastKnownFileType = sourcecode.swift; path = MockURLProtocol.swift; sourceTree = "<group>"; };
        A10000002F00000100000008 /* Dummy.swift */ = {isa = PBXFileReference; lastKnownFileType = sourcecode.swift; path = Dummy.swift; sourceTree = "<group>"; };
        A10000002F00000100000011 /* Models.swift */ = {isa = PBXFileReference; lastKnownFileType = sourcecode.swift; name = Models.swift; path = "Sources/NeurospLITCore/Models.swift"; sourceTree = SOURCE_ROOT; };
        A10000002F00000100000012 /* Errors.swift */ = {isa = PBXFileReference; lastKnownFileType = sourcecode.swift; name = Errors.swift; path = "Sources/NeurospLITCore/Errors.swift"; sourceTree = SOURCE_ROOT; };
        A10000002F00000100000013 /* Engine.swift */ = {isa = PBXFileReference; lastKnownFileType = sourcecode.swift; name = Engine.swift; path = "Sources/NeurospLITCore/Engine.swift"; sourceTree = SOURCE_ROOT; };
	// CLEANED: extraneous target file references removed


/* End PBXFileReference section */

/* Begin PBXFileSystemSynchronizedRootGroup section */
		8496B89B2E7FCD10005270F1 /* NeurospLIT */ = {
			isa = PBXFileSystemSynchronizedRootGroup;
			path = NeurospLIT;
			sourceTree = "<group>";
			children = (
				8496B8D02E7FE000005270F1 /* NeurospLITApp.swift */,
				A10000002F00000100000001 /* ContentView.swift */,
				A10000002F00000100000002 /* ClaudeService.swift */,
				A10000002F00000100000003 /* ClaudeOnboardingView.swift */,
				A10000002F00000100000004 /* TemplateUtilities.swift */,
				A10000002F00000100000005 /* EngineHarness.swift */,
				A10000002F00000100000006 /* Persistence.swift */,
				A10000002F00000100000007 /* MockURLProtocol.swift */,
				A10000002F00000100000008 /* Dummy.swift */,
			);
		};
		8496B8CC2E7FD961005270F1 /* Preview Content */ = {
			isa = PBXFileSystemSynchronizedRootGroup;
			path = "Preview Content";
			sourceTree = "<group>";
		};
/* End PBXFileSystemSynchronizedRootGroup section */

/* Begin PBXFrameworksBuildPhase section */
		8496B8962E7FCD10005270F1 /* Frameworks */ = {
			isa = PBXFrameworksBuildPhase;
			buildActionMask = 2147483647;
			files = (
			);
			runOnlyForDeploymentPostprocessing = 0;
		};
		8496B8AB2E7FCD12005270F1 /* Frameworks */ = {
			isa = PBXFrameworksBuildPhase;
			buildActionMask = 2147483647;
			files = (
		);
		runOnlyForDeploymentPostprocessing = 0;
	};
	// CLEANED: extraneous target framework phase removed
/* End PBXFrameworksBuildPhase section */

	/* Begin XCLocalSwiftPackageReference section */
	/* End XCLocalSwiftPackageReference section */

	/* Begin XCSwiftPackageProductDependency section */
	/* End XCSwiftPackageProductDependency section */

/* Begin PBXGroup section */
		8496B8902E7FCD0F005270F1 = {
			isa = PBXGroup;
			children = (
				A1B2C3D4E5F6010000000003 /* Configs */,
				8496B8CC2E7FD961005270F1 /* Preview Content */,
			8496B89B2E7FCD10005270F1 /* NeurospLIT */,
			A10000002F00000100000010 /* NeurospLITCore */,
			// CLEANED: extraneous group reference removed
				8496B89A2E7FCD10005270F1 /* Products */,
			);
			sourceTree = "<group>";
		};
        A10000002F00000100000010 /* NeurospLITCore */ = {
            isa = PBXGroup;
            path = Sources/NeurospLITCore;
            sourceTree = SOURCE_ROOT;
            children = (
                A10000002F00000100000011 /* Models.swift */,
                A10000002F00000100000012 /* Errors.swift */,
                A10000002F00000100000013 /* Engine.swift */,
            );
        };
		A1B2C3D4E5F6010000000003 /* Configs */ = {
			isa = PBXGroup;
			name = Configs;
			path = Configs;
			sourceTree = SOURCE_ROOT;
			children = (
				A1B2C3D4E5F6010000000002 /* Secrets.example.xcconfig */,
				A1B2C3D4E5F6010000000001 /* Secrets.xcconfig */,
			);
		};
		8496B89A2E7FCD10005270F1 /* Products */ = {
			isa = PBXGroup;
			children = (
			8496B8992E7FCD10005270F1 /* NeurospLIT.app */,
			// CLEANED: extraneous product reference removed
			);
			name = Products;
			sourceTree = "<group>";
		};
		// CLEANED: extraneous group definition removed
/* End PBXGroup section */

/* Begin PBXNativeTarget section */
		8496B8982E7FCD10005270F1 /* NeurospLIT */ = {
			isa = PBXNativeTarget;
			buildConfigurationList = 8496B8C22E7FCD12005270F1 /* Build configuration list for PBXNativeTarget "NeurospLIT" */;
			buildPhases = (
				8496B8952E7FCD10005270F1 /* Sources */,
				8496B8962E7FCD10005270F1 /* Frameworks */,
				8496B8972E7FCD10005270F1 /* Resources */,
				A1B2C3D4E5F6010000001000 /* Inject DEEPSEEK_API_KEY */,
			);
			buildRules = (
			);
			dependencies = (
			);
			name = NeurospLIT;
			productName = NeurospLIT;
			productReference = 8496B8992E7FCD10005270F1 /* NeurospLIT.app */;
			productType = "com.apple.product-type.application";
			packageProductDependencies = (
			);
		};

	/* End PBXNativeTarget section */

/* Begin PBXProject section */
		8496B8912E7FCD0F005270F1 /* Project object */ = {
			isa = PBXProject;
			attributes = {
				BuildIndependentTargetsInParallel = YES;
				LastSwiftUpdateCheck = 1500;
				LastUpgradeCheck = 1500;
				TargetAttributes = {
					8496B8982E7FCD10005270F1 = {
						CreatedOnToolsVersion = 15.0;
					};
					C0TESTTGT = {
						CreatedOnToolsVersion = 15.0;
						TestTargetID = 8496B8982E7FCD10005270F1;
					};
				};
			};
			buildConfigurationList = 8496B8942E7FCD10005270F1 /* Build configuration list for PBXProject "NeurospLIT" */;
			compatibilityVersion = "Xcode 15.0";
			developmentRegion = en;
			hasScannedForEncodings = 0;
			knownRegions = (
				en,
				Base,
			);
			mainGroup = 8496B8902E7FCD0F005270F1;
			productRefGroup = 8496B89A2E7FCD10005270F1 /* Products */;
			projectDirPath = "";
			projectRoot = "";
			packageReferences = (
			);
		targets = (
			8496B8982E7FCD10005270F1 /* NeurospLIT */,
		);
		};
/* End PBXProject section */

/* Begin PBXShellScriptBuildPhase section */
		A1B2C3D4E5F6010000001000 /* Inject DEEPSEEK_API_KEY */ = {
			isa = PBXShellScriptBuildPhase;
			buildActionMask = 2147483647;
			files = (
			);
			inputFileListPaths = (
			);
			inputPaths = (
			);
			name = "Inject DEEPSEEK_API_KEY";
			outputFileListPaths = (
			);
			outputPaths = (
				"$(DERIVED_FILE_DIR)/api_key_injected",
			);
			runOnlyForDeploymentPostprocessing = 0;
			shellPath = /bin/sh;
			shellScript = "set -e\nPLIST=\"$TARGET_BUILD_DIR/$INFOPLIST_PATH\"\nKEY=\"$DEEPSEEK_API_KEY\"\nif [ -z \"$KEY\" ]; then\n  echo 'DEEPSEEK_API_KEY is empty; skipping Info.plist injection'\n  exit 0\nfi\nif [ ! -f \"$PLIST\" ]; then\n  echo \"Info.plist not found at $PLIST\" >&2\n  exit 1\nfi\n# Try to set, if it fails (key missing), add it\n/usr/libexec/PlistBuddy -c \"Set :DEEPSEEK_API_KEY $KEY\" \"$PLIST\" 2>/dev/null || /usr/libexec/PlistBuddy -c \"Add :DEEPSEEK_API_KEY string $KEY\" \"$PLIST\"\necho \"Injected DEEPSEEK_API_KEY into $PLIST\"\n# Create dummy output file to satisfy Xcode dependency analysis\ntouch \"$(DERIVED_FILE_DIR)/api_key_injected\"\n";
		};
/* End PBXShellScriptBuildPhase section */

/* Begin PBXResourcesBuildPhase section */
		8496B8972E7FCD10005270F1 /* Resources */ = {
			isa = PBXResourcesBuildPhase;
			buildActionMask = 2147483647;
			files = (
			);
			runOnlyForDeploymentPostprocessing = 0;
		};
/* End PBXResourcesBuildPhase section */

/* Begin PBXSourcesBuildPhase section */
		8496B8952E7FCD10005270F1 /* Sources */ = {
			isa = PBXSourcesBuildPhase;
			buildActionMask = 2147483647;
			files = (
				8496B8D12E7FE000005270F1 /* NeurospLITApp.swift in Sources */,
				A10000012F00000100000001 /* ContentView.swift in Sources */,
				A10000012F00000100000002 /* ClaudeService.swift in Sources */,
				A10000012F00000100000003 /* ClaudeOnboardingView.swift in Sources */,
				A10000012F00000100000004 /* TemplateUtilities.swift in Sources */,
				A10000012F00000100000005 /* EngineHarness.swift in Sources */,
				A10000012F00000100000006 /* Persistence.swift in Sources */,
				A10000012F00000100000007 /* MockURLProtocol.swift in Sources */,
				A10000012F00000100000008 /* Dummy.swift in Sources */,
				A10000012F00000100000011 /* Models.swift in Sources */,
				A10000012F00000100000012 /* Errors.swift in Sources */,
				A10000012F00000100000013 /* Engine.swift in Sources */,
			);
			runOnlyForDeploymentPostprocessing = 0;
		};
		// CLEANED: extraneous sources build phase removed
/* End PBXSourcesBuildPhase section */

/* Begin PBXTargetDependency section */
		// CLEANED: extraneous target dependencies removed
/* End PBXTargetDependency section */

/* Begin XCBuildConfiguration section */
	// CLEANED: extraneous build configurations removed
		// Monolith: removed NeurospLITTests build configurations
		8496B8C02E7FCD12005270F1 /* Debug */ = {
			isa = XCBuildConfiguration;
			buildSettings = {
				ALWAYS_SEARCH_USER_PATHS = NO;
				ASSETCATALOG_COMPILER_GENERATE_SWIFT_ASSET_SYMBOL_EXTENSIONS = YES;
				CLANG_ANALYZER_NONNULL = YES;
				CLANG_ANALYZER_NUMBER_OBJECT_CONVERSION = YES_AGGRESSIVE;
				CLANG_CXX_LANGUAGE_STANDARD = "gnu++20";
				CLANG_ENABLE_MODULES = YES;
				CLANG_ENABLE_OBJC_ARC = YES;
				CLANG_ENABLE_OBJC_WEAK = YES;
				CLANG_WARN_BLOCK_CAPTURE_AUTORELEASING = YES;
				CLANG_WARN_BOOL_CONVERSION = YES;
				CLANG_WARN_COMMA = YES;
				CLANG_WARN_CONSTANT_CONVERSION = YES;
				CLANG_WARN_DEPRECATED_OBJC_IMPLEMENTATIONS = YES;
				CLANG_WARN_DIRECT_OBJC_ISA_USAGE = YES_ERROR;
				CLANG_WARN_DOCUMENTATION_COMMENTS = YES;
				CLANG_WARN_EMPTY_BODY = YES;
				CLANG_WARN_ENUM_CONVERSION = YES;
				CLANG_WARN_INFINITE_RECURSION = YES;
				CLANG_WARN_INT_CONVERSION = YES;
				CLANG_WARN_NON_LITERAL_NULL_CONVERSION = YES;
				CLANG_WARN_OBJC_IMPLICIT_RETAIN_SELF = YES;
				CLANG_WARN_OBJC_LITERAL_CONVERSION = YES;
				CLANG_WARN_OBJC_ROOT_CLASS = YES_ERROR;
				CLANG_WARN_QUOTED_INCLUDE_IN_FRAMEWORK_HEADER = YES;
				CLANG_WARN_RANGE_LOOP_ANALYSIS = YES;
				CLANG_WARN_STRICT_PROTOTYPES = YES;
				CLANG_WARN_SUSPICIOUS_MOVE = YES;
				CLANG_WARN_UNGUARDED_AVAILABILITY = YES_AGGRESSIVE;
				CLANG_WARN_UNREACHABLE_CODE = YES;
				CLANG_WARN__DUPLICATE_METHOD_MATCH = YES;
				COPY_PHASE_STRIP = NO;
				DEBUG_INFORMATION_FORMAT = dwarf;
				ENABLE_STRICT_OBJC_MSGSEND = YES;
				ENABLE_TESTABILITY = YES;
				ENABLE_USER_SCRIPT_SANDBOXING = YES;
				GCC_C_LANGUAGE_STANDARD = gnu17;
				GCC_DYNAMIC_NO_PIC = NO;
				GCC_NO_COMMON_BLOCKS = YES;
				GCC_OPTIMIZATION_LEVEL = 0;
				GCC_PREPROCESSOR_DEFINITIONS = (
					"DEBUG=1",
					"$(inherited)",
				);
				GCC_WARN_64_TO_32_BIT_CONVERSION = YES;
				GCC_WARN_ABOUT_RETURN_TYPE = YES_ERROR;
				GCC_WARN_UNDECLARED_SELECTOR = YES;
				GCC_WARN_UNINITIALIZED_AUTOS = YES_AGGRESSIVE;
				GCC_WARN_UNUSED_FUNCTION = YES;
				GCC_WARN_UNUSED_VARIABLE = YES;
				IPHONEOS_DEPLOYMENT_TARGET = 16.0;
				LOCALIZATION_PREFERS_STRING_CATALOGS = YES;
				MTL_ENABLE_DEBUG_INFO = INCLUDE_SOURCE;
				MTL_FAST_MATH = YES;
				ONLY_ACTIVE_ARCH = YES;
				SDKROOT = iphoneos;
				SWIFT_ACTIVE_COMPILATION_CONDITIONS = "DEBUG $(inherited)";
				SWIFT_EMIT_LOC_STRINGS = YES;
				SWIFT_OPTIMIZATION_LEVEL = "-Onone";
			};
			name = Debug;
		};
		8496B8C12E7FCD12005270F1 /* Release */ = {
			isa = XCBuildConfiguration;
			buildSettings = {
				ALWAYS_SEARCH_USER_PATHS = NO;
				ASSETCATALOG_COMPILER_GENERATE_SWIFT_ASSET_SYMBOL_EXTENSIONS = YES;
				CLANG_ANALYZER_NONNULL = YES;
				CLANG_ANALYZER_NUMBER_OBJECT_CONVERSION = YES_AGGRESSIVE;
				CLANG_CXX_LANGUAGE_STANDARD = "gnu++20";
				CLANG_ENABLE_MODULES = YES;
				CLANG_ENABLE_OBJC_ARC = YES;
				CLANG_ENABLE_OBJC_WEAK = YES;
				CLANG_WARN_BLOCK_CAPTURE_AUTORELEASING = YES;
				CLANG_WARN_BOOL_CONVERSION = YES;
				CLANG_WARN_COMMA = YES;
				CLANG_WARN_CONSTANT_CONVERSION = YES;
				CLANG_WARN_DEPRECATED_OBJC_IMPLEMENTATIONS = YES;
				CLANG_WARN_DIRECT_OBJC_ISA_USAGE = YES_ERROR;
				CLANG_WARN_DOCUMENTATION_COMMENTS = YES;
				CLANG_WARN_EMPTY_BODY = YES;
				CLANG_WARN_ENUM_CONVERSION = YES;
				CLANG_WARN_INFINITE_RECURSION = YES;
				CLANG_WARN_INT_CONVERSION = YES;
				CLANG_WARN_NON_LITERAL_NULL_CONVERSION = YES;
				CLANG_WARN_OBJC_IMPLICIT_RETAIN_SELF = YES;
				CLANG_WARN_OBJC_LITERAL_CONVERSION = YES;
				CLANG_WARN_OBJC_ROOT_CLASS = YES_ERROR;
				CLANG_WARN_QUOTED_INCLUDE_IN_FRAMEWORK_HEADER = YES;
				CLANG_WARN_RANGE_LOOP_ANALYSIS = YES;
				CLANG_WARN_STRICT_PROTOTYPES = YES;
				CLANG_WARN_SUSPICIOUS_MOVE = YES;
				CLANG_WARN_UNGUARDED_AVAILABILITY = YES_AGGRESSIVE;
				CLANG_WARN_UNREACHABLE_CODE = YES;
				CLANG_WARN__DUPLICATE_METHOD_MATCH = YES;
				COPY_PHASE_STRIP = NO;
				DEBUG_INFORMATION_FORMAT = "dwarf-with-dsym";
				ENABLE_NS_ASSERTIONS = NO;
				ENABLE_STRICT_OBJC_MSGSEND = YES;
				ENABLE_USER_SCRIPT_SANDBOXING = YES;
				GCC_C_LANGUAGE_STANDARD = gnu17;
				GCC_NO_COMMON_BLOCKS = YES;
				GCC_WARN_64_TO_32_BIT_CONVERSION = YES;
				GCC_WARN_ABOUT_RETURN_TYPE = YES_ERROR;
				GCC_WARN_UNDECLARED_SELECTOR = YES;
				GCC_WARN_UNINITIALIZED_AUTOS = YES_AGGRESSIVE;
				GCC_WARN_UNUSED_FUNCTION = YES;
				GCC_WARN_UNUSED_VARIABLE = YES;
				IPHONEOS_DEPLOYMENT_TARGET = 16.0;
				LOCALIZATION_PREFERS_STRING_CATALOGS = YES;
				MTL_ENABLE_DEBUG_INFO = NO;
				MTL_FAST_MATH = YES;
				SDKROOT = iphoneos;
				SWIFT_COMPILATION_MODE = wholemodule;
				SWIFT_EMIT_LOC_STRINGS = YES;
				VALIDATE_PRODUCT = YES;
			};
			name = Release;
		};
		8496B8C32E7FCD12005270F1 /* Debug */ = {
			isa = XCBuildConfiguration;
			baseConfigurationReference = A1B2C3D4E5F6010000000001 /* Secrets.xcconfig */;
			buildSettings = {
				ASSETCATALOG_COMPILER_APPICON_NAME = AppIcon;
				ASSETCATALOG_COMPILER_GLOBAL_ACCENT_COLOR_NAME = AccentColor;
				CODE_SIGN_STYLE = Automatic;
				DEVELOPMENT_TEAM = R7KX4HNBFY;
				CURRENT_PROJECT_VERSION = 1;
				DEVELOPMENT_ASSET_PATHS = "";
				ENABLE_PREVIEWS = YES;
				SWIFT_EMIT_LOC_STRINGS = YES;
				GENERATE_INFOPLIST_FILE = YES;
				// API key removed - now using KeychainService for secure storage
				// INFOPLIST_FILE removed to rely on generated Info.plist and avoid duplicate copy
				INFOPLIST_KEY_CFBundleDisplayName = "NeurospLIT";
				INFOPLIST_KEY_LSRequiresIPhoneOS = YES;
				INFOPLIST_KEY_ITSAppUsesNonExemptEncryption = NO;
				INFOPLIST_KEY_UIApplicationSceneManifest_Generation = YES;
				INFOPLIST_KEY_UIApplicationSupportsIndirectInputEvents = YES;
				INFOPLIST_KEY_UILaunchScreen_Generation = YES;
				INFOPLIST_KEY_UISupportedInterfaceOrientations_iPad = "UIInterfaceOrientationPortrait UIInterfaceOrientationPortraitUpsideDown UIInterfaceOrientationLandscapeLeft UIInterfaceOrientationLandscapeRight";
				INFOPLIST_KEY_UISupportedInterfaceOrientations_iPhone = "UIInterfaceOrientationPortrait UIInterfaceOrientationLandscapeLeft UIInterfaceOrientationLandscapeRight";
				LD_RUNPATH_SEARCH_PATHS = (
					"$(inherited)",
					"@executable_path/Frameworks",
				);
				MARKETING_VERSION = 1.0;
				PRODUCT_BUNDLE_IDENTIFIER = net.neuraldraft.NeurospLIT;
				PRODUCT_NAME = "$(TARGET_NAME)";
				SWIFT_EMIT_LOC_STRINGS = YES;
				SWIFT_VERSION = 5.0;
				TARGETED_DEVICE_FAMILY = "1,2";
			};
			name = Debug;
		};
		8496B8C42E7FCD12005270F1 /* Release */ = {
			isa = XCBuildConfiguration;
			baseConfigurationReference = A1B2C3D4E5F6010000000001 /* Secrets.xcconfig */;
			buildSettings = {
				ASSETCATALOG_COMPILER_APPICON_NAME = AppIcon;
				ASSETCATALOG_COMPILER_GLOBAL_ACCENT_COLOR_NAME = AccentColor;
				CODE_SIGN_STYLE = Automatic;
				DEVELOPMENT_TEAM = R7KX4HNBFY;
				CURRENT_PROJECT_VERSION = 1;
				DEVELOPMENT_ASSET_PATHS = "";
				ENABLE_PREVIEWS = YES;
				SWIFT_EMIT_LOC_STRINGS = YES;
				GENERATE_INFOPLIST_FILE = YES;
				// API key removed - now using KeychainService for secure storage
				// INFOPLIST_FILE removed to rely on generated Info.plist and avoid duplicate copy
				INFOPLIST_KEY_CFBundleDisplayName = "NeurospLIT";
				INFOPLIST_KEY_LSRequiresIPhoneOS = YES;
				INFOPLIST_KEY_ITSAppUsesNonExemptEncryption = NO;
				INFOPLIST_KEY_UIApplicationSceneManifest_Generation = YES;
				INFOPLIST_KEY_UIApplicationSupportsIndirectInputEvents = YES;
				INFOPLIST_KEY_UILaunchScreen_Generation = YES;
				INFOPLIST_KEY_UISupportedInterfaceOrientations_iPad = "UIInterfaceOrientationPortrait UIInterfaceOrientationPortraitUpsideDown UIInterfaceOrientationLandscapeLeft UIInterfaceOrientationLandscapeRight";
				INFOPLIST_KEY_UISupportedInterfaceOrientations_iPhone = "UIInterfaceOrientationPortrait UIInterfaceOrientationLandscapeLeft UIInterfaceOrientationLandscapeRight";
				LD_RUNPATH_SEARCH_PATHS = (
					"$(inherited)",
					"@executable_path/Frameworks",
				);
				MARKETING_VERSION = 1.0;
				PRODUCT_BUNDLE_IDENTIFIER = net.neuraldraft.NeurospLIT;
				PRODUCT_NAME = "$(TARGET_NAME)";
				SWIFT_EMIT_LOC_STRINGS = YES;
				SWIFT_VERSION = 5.0;
				TARGETED_DEVICE_FAMILY = "1,2";
			};
			name = Release;
		};
/* End XCBuildConfiguration section */

/* Begin XCConfigurationList section */
	// CLEANED: extraneous configuration list removed
		// Monolith: removed test configuration list
		8496B8942E7FCD10005270F1 /* Build configuration list for PBXProject "NeurospLIT" */ = {
			isa = XCConfigurationList;
			buildConfigurations = (
				8496B8C02E7FCD12005270F1 /* Debug */,
				8496B8C12E7FCD12005270F1 /* Release */,
			);
			defaultConfigurationIsVisible = 0;
			defaultConfigurationName = Release;
		};
		8496B8C22E7FCD12005270F1 /* Build configuration list for PBXNativeTarget "NeurospLIT" */ = {
			isa = XCConfigurationList;
			buildConfigurations = (
				8496B8C32E7FCD12005270F1 /* Debug */,
				8496B8C42E7FCD12005270F1 /* Release */,
			);
		defaultConfigurationIsVisible = 0;
		defaultConfigurationName = Release;
	};
/* End XCConfigurationList section */
	};
	rootObject = 8496B8912E7FCD0F005270F1 /* Project object */;
}
